
Microsoft Visual Studio Solution File, Format Version 12.00
# Visual Studio 2012
Project("{FAE04EC0-301F-11D3-BF4B-00C04F79EFBC}") = "GUIs", "GUIs\GUIs.csproj", "{7B98EBCC-D5AD-41F4-A329-4BA37DF6EDF4}"
EndProject
Project("{FAE04EC0-301F-11D3-BF4B-00C04F79EFBC}") = "DALs", "DALs\DALs.csproj", "{D1FC15E6-343F-4B9C-AFD6-5047CB15DE31}"
EndProject
Project("{FAE04EC0-301F-11D3-BF4B-00C04F79EFBC}") = "BULs", "BULs\BULs.csproj", "{B3EEC578-B789-4B4E-A833-EED4CB19BB0A}"
EndProject
Project("{FAE04EC0-301F-11D3-BF4B-00C04F79EFBC}") = "DTOs", "DTOs\DTOs.csproj", "{3695B983-59A2-47FE-A5E0-FADB8E082265}"
EndProject
Global
	GlobalSection(SolutionConfigurationPlatforms) = preSolution
		Debug|Any CPU = Debug|Any CPU
		Release|Any CPU = Release|Any CPU
	EndGlobalSection
	GlobalSection(ProjectConfigurationPlatforms) = postSolution
		{7B98EBCC-D5AD-41F4-A329-4BA37DF6EDF4}.Debug|Any CPU.ActiveCfg = Debug|Any CPU
		{7B98EBCC-D5AD-41F4-A329-4BA37DF6EDF4}.Debug|Any CPU.Build.0 = Debug|Any CPU
		{7B98EBCC-D5AD-41F4-A329-4BA37DF6EDF4}.Release|Any CPU.ActiveCfg = Release|Any CPU
		{7B98EBCC-D5AD-41F4-A329-4BA37DF6EDF4}.Release|Any CPU.Build.0 = Release|Any CPU
		{D1FC15E6-343F-4B9C-AFD6-5047CB15DE31}.Debug|Any CPU.ActiveCfg = Debug|Any CPU
		{D1FC15E6-343F-4B9C-AFD6-5047CB15DE31}.Debug|Any CPU.Build.0 = Debug|Any CPU
		{D1FC15E6-343F-4B9C-AFD6-5047CB15DE31}.Release|Any CPU.ActiveCfg = Release|Any CPU
		{D1FC15E6-343F-4B9C-AFD6-5047CB15DE31}.Release|Any CPU.Build.0 = Release|Any CPU
		{B3EEC578-B789-4B4E-A833-EED4CB19BB0A}.Debug|Any CPU.ActiveCfg = Debug|Any CPU
		{B3EEC578-B789-4B4E-A833-EED4CB19BB0A}.Debug|Any CPU.Build.0 = Debug|Any CPU
		{B3EEC578-B789-4B4E-A833-EED4CB19BB0A}.Release|Any CPU.ActiveCfg = Release|Any CPU
		{B3EEC578-B789-4B4E-A833-EED4CB19BB0A}.Release|Any CPU.Build.0 = Release|Any CPU
		{3695B983-59A2-47FE-A5E0-FADB8E082265}.Debug|Any CPU.ActiveCfg = Debug|Any CPU
		{3695B983-59A2-47FE-A5E0-FADB8E082265}.Debug|Any CPU.Build.0 = Debug|Any CPU
		{3695B983-59A2-47FE-A5E0-FADB8E082265}.Release|Any CPU.ActiveCfg = Release|Any CPU
		{3695B983-59A2-47FE-A5E0-FADB8E082265}.Release|Any CPU.Build.0 = Release|Any CPU
	EndGlobalSection
	GlobalSection(SolutionProperties) = preSolution
		HideSolutionNode = FALSE
	EndGlobalSection
EndGlobal
